
Microsoft Visual Studio Solution File, Format Version 12.00
# Visual Studio Version 17
VisualStudioVersion = 17.13.35818.85 d17.13
MinimumVisualStudioVersion = 10.0.40219.1
Project("{FAE04EC0-301F-11D3-BF4B-00C04F79EFBC}") = "src", "src\src.csproj", "{FC77B667-5516-4D88-AA17-334B5AE1D0EF}"
EndProject
Global
	GlobalSection(SolutionConfigurationPlatforms) = preSolution
		Debug|Any CPU = Debug|Any CPU
		Release|Any CPU = Release|Any CPU
	EndGlobalSection
	GlobalSection(ProjectConfigurationPlatforms) = postSolution
		{FC77B667-5516-4D88-AA17-334B5AE1D0EF}.Debug|Any CPU.ActiveCfg = Debug|Any CPU
		{FC77B667-5516-4D88-AA17-334B5AE1D0EF}.Debug|Any CPU.Build.0 = Debug|Any CPU
		{FC77B667-5516-4D88-AA17-334B5AE1D0EF}.Release|Any CPU.ActiveCfg = Release|Any CPU
		{FC77B667-5516-4D88-AA17-334B5AE1D0EF}.Release|Any CPU.Build.0 = Release|Any CPU
	EndGlobalSection
	GlobalSection(SolutionProperties) = preSolution
		HideSolutionNode = FALSE
	EndGlobalSection
	GlobalSection(ExtensibilityGlobals) = postSolution
		SolutionGuid = {23DF774A-1821-4D2E-9F0E-A4D8F45458D2}
	EndGlobalSection
EndGlobal
